
Microsoft Visual Studio Solution File, Format Version 12.00
# Visual Studio Version 16
VisualStudioVersion = 16.0.37206.5
MinimumVisualStudioVersion = 10.0.40219.1
Project("{FAE04EC0-301F-11D3-BF4B-00C04F79EFBC}") = "CabconPMPBALLAYER", "BALLAYER\CabconPMPBALLAYER.csproj", "{97593B6F-FA3C-4428-AB48-CAAF7AE16551}"
EndProject
Project("{FAE04EC0-301F-11D3-BF4B-00C04F79EFBC}") = "CabconPMPDALLAYER", "DALLAYER\CabconPMPDALLAYER.csproj", "{9452CD91-D6A1-496A-BE3A-B106D02EDB59}"
EndProject
Project("{FAE04EC0-301F-11D3-BF4B-00C04F79EFBC}") = "CabconPMPCOMMONENTITY", "COMMONENTITY\CabconPMPCOMMONENTITY.csproj", "{D35FEE1D-2386-4F6F-B136-EDE9420FA6E3}"
EndProject
Project("{FAE04EC0-301F-11D3-BF4B-00C04F79EFBC}") = "PMPE150ECOSTAR", "E150ECOSTAR\PMPE150ECOSTAR.csproj", "{C44188C6-3A2A-4561-AC4C-C2BBE0DA702B}"
EndProject
Project("{FAE04EC0-301F-11D3-BF4B-00C04F79EFBC}") = "PMPE150MICROSTAR", "E150MICROSTAR\PMPE150MICROSTAR.csproj", "{CBD37FD1-247B-4997-8531-893F80D2C7FA}"
EndProject
Project("{FAE04EC0-301F-11D3-BF4B-00C04F79EFBC}") = "CabconCalibrationSW", "CabconPMP\CabconCalibrationSW.csproj", "{4AF7DBAD-8492-47C7-A52C-320CEB493A9A}"
EndProject
Project("{FAE04EC0-301F-11D3-BF4B-00C04F79EFBC}") = "CabconDLMS", "PMPE150MICROSTARDLMS\CabconDLMS.csproj", "{FF96E265-D6ED-4761-BDC8-C252CB0A93CF}"
EndProject
Project("{FAE04EC0-301F-11D3-BF4B-00C04F79EFBC}") = "CabconRTL", "CabconRTL\CabconRTL.csproj", "{D9189037-F1BD-485A-AD86-04B77B27DCC3}"
EndProject
Project("{FAE04EC0-301F-11D3-BF4B-00C04F79EFBC}") = "ZipArchiveLibrary", "ZipArchiveLibrary\ZipArchiveLibrary.csproj", "{69D690D7-E889-4FF5-9846-DDC78A0EE037}"
EndProject
Project("{FAE04EC0-301F-11D3-BF4B-00C04F79EFBC}") = "CabconPMPSYNCSERVICE", "CabconPMPSYNCSERVICE\CabconPMPSYNCSERVICE.csproj", "{4F6A9151-6FCB-43E0-B6C1-CA5FB4A27DF9}"
EndProject
Project("{FAE04EC0-301F-11D3-BF4B-00C04F79EFBC}") = "PDFLibraryCabcon", "PDFLibrary\PDFLibraryCabcon.csproj", "{2A8224B6-A2C3-4694-9B67-CB1FAD253F02}"
EndProject
Project("{FAE04EC0-301F-11D3-BF4B-00C04F79EFBC}") = "CabconPMPREJECTIONTOOL", "CabconPMPREJECTIONTOOL\CabconPMPREJECTIONTOOL.csproj", "{CE0A4184-62C7-4E95-8A0A-E2A02A472E23}"
EndProject
Project("{FAE04EC0-301F-11D3-BF4B-00C04F79EFBC}") = "APPLAYERSM310", "APPLAYERSM310\APPLAYERSM310.csproj", "{4D02F372-B5C7-41FE-884A-F286E7DBB429}"
EndProject
Project("{2150E333-8FDC-42A3-9474-1A3956D46DE8}") = "COMMONENTITY", "COMMONENTITY", "{B11D077D-6A88-257F-BB5B-BCD7514EFCF6}"
EndProject
Project("{FAE04EC0-301F-11D3-BF4B-00C04F79EFBC}") = "ApplicationInterface", "ApplicationInterface\ApplicationInterface.csproj", "{39A51A7D-3B0D-432B-8F3C-3336AAD9DE2A}"
EndProject
Project("{FAE04EC0-301F-11D3-BF4B-00C04F79EFBC}") = "DLMSLIB", "DLMSLIB\DLMSLIB.csproj", "{8C3587A9-7A26-43B8-9D12-3F5934740528}"
EndProject
Project("{FAE04EC0-301F-11D3-BF4B-00C04F79EFBC}") = "SerialCommunication", "SerialCommunication\SerialCommunication.csproj", "{D8A3C316-50FF-4960-A9A4-3B5AF82DC024}"
EndProject
Project("{FAE04EC0-301F-11D3-BF4B-00C04F79EFBC}") = "Utilities", "Utilities\Utilities.csproj", "{1C998CF6-4BD7-449E-AD67-7057FDA6C71D}"
EndProject
Project("{FAE04EC0-301F-11D3-BF4B-00C04F79EFBC}") = "SystemSecurityLibrary", "SystemSecurityLibrary\SystemSecurityLibrary.csproj", "{B66A59F1-70B1-4546-9064-198C5672BEEE}"
EndProject
Global
	GlobalSection(SolutionConfigurationPlatforms) = preSolution
		Debug|Any CPU = Debug|Any CPU
		Debug|x64 = Debug|x64
		Debug|x86 = Debug|x86
		Release|Any CPU = Release|Any CPU
		Release|x64 = Release|x64
		Release|x86 = Release|x86
	EndGlobalSection
	GlobalSection(ProjectConfigurationPlatforms) = postSolution
		{97593B6F-FA3C-4428-AB48-CAAF7AE16551}.Debug|Any CPU.ActiveCfg = Debug|Any CPU
		{97593B6F-FA3C-4428-AB48-CAAF7AE16551}.Debug|Any CPU.Build.0 = Debug|Any CPU
		{97593B6F-FA3C-4428-AB48-CAAF7AE16551}.Debug|x64.ActiveCfg = Debug|x64
		{97593B6F-FA3C-4428-AB48-CAAF7AE16551}.Debug|x64.Build.0 = Debug|x64
		{97593B6F-FA3C-4428-AB48-CAAF7AE16551}.Debug|x86.ActiveCfg = Debug|x86
		{97593B6F-FA3C-4428-AB48-CAAF7AE16551}.Debug|x86.Build.0 = Debug|x86
		{97593B6F-FA3C-4428-AB48-CAAF7AE16551}.Release|Any CPU.ActiveCfg = Release|x86
		{97593B6F-FA3C-4428-AB48-CAAF7AE16551}.Release|Any CPU.Build.0 = Release|x86
		{97593B6F-FA3C-4428-AB48-CAAF7AE16551}.Release|x64.ActiveCfg = Release|x64
		{97593B6F-FA3C-4428-AB48-CAAF7AE16551}.Release|x64.Build.0 = Release|x64
		{97593B6F-FA3C-4428-AB48-CAAF7AE16551}.Release|x86.ActiveCfg = Release|x86
		{97593B6F-FA3C-4428-AB48-CAAF7AE16551}.Release|x86.Build.0 = Release|x86
		{9452CD91-D6A1-496A-BE3A-B106D02EDB59}.Debug|Any CPU.ActiveCfg = Debug|Any CPU
		{9452CD91-D6A1-496A-BE3A-B106D02EDB59}.Debug|Any CPU.Build.0 = Debug|Any CPU
		{9452CD91-D6A1-496A-BE3A-B106D02EDB59}.Debug|x64.ActiveCfg = Debug|x64
		{9452CD91-D6A1-496A-BE3A-B106D02EDB59}.Debug|x64.Build.0 = Debug|x64
		{9452CD91-D6A1-496A-BE3A-B106D02EDB59}.Debug|x86.ActiveCfg = Debug|x86
		{9452CD91-D6A1-496A-BE3A-B106D02EDB59}.Debug|x86.Build.0 = Debug|x86
		{9452CD91-D6A1-496A-BE3A-B106D02EDB59}.Release|Any CPU.ActiveCfg = Release|Any CPU
		{9452CD91-D6A1-496A-BE3A-B106D02EDB59}.Release|Any CPU.Build.0 = Release|Any CPU
		{9452CD91-D6A1-496A-BE3A-B106D02EDB59}.Release|x64.ActiveCfg = Release|x64
		{9452CD91-D6A1-496A-BE3A-B106D02EDB59}.Release|x64.Build.0 = Release|x64
		{9452CD91-D6A1-496A-BE3A-B106D02EDB59}.Release|x86.ActiveCfg = Release|x86
		{9452CD91-D6A1-496A-BE3A-B106D02EDB59}.Release|x86.Build.0 = Release|x86
		{D35FEE1D-2386-4F6F-B136-EDE9420FA6E3}.Debug|Any CPU.ActiveCfg = Debug|Any CPU
		{D35FEE1D-2386-4F6F-B136-EDE9420FA6E3}.Debug|Any CPU.Build.0 = Debug|Any CPU
		{D35FEE1D-2386-4F6F-B136-EDE9420FA6E3}.Debug|x64.ActiveCfg = Debug|x64
		{D35FEE1D-2386-4F6F-B136-EDE9420FA6E3}.Debug|x64.Build.0 = Debug|x64
		{D35FEE1D-2386-4F6F-B136-EDE9420FA6E3}.Debug|x86.ActiveCfg = Debug|x86
		{D35FEE1D-2386-4F6F-B136-EDE9420FA6E3}.Debug|x86.Build.0 = Debug|x86
		{D35FEE1D-2386-4F6F-B136-EDE9420FA6E3}.Release|Any CPU.ActiveCfg = Release|Any CPU
		{D35FEE1D-2386-4F6F-B136-EDE9420FA6E3}.Release|Any CPU.Build.0 = Release|Any CPU
		{D35FEE1D-2386-4F6F-B136-EDE9420FA6E3}.Release|x64.ActiveCfg = Release|x64
		{D35FEE1D-2386-4F6F-B136-EDE9420FA6E3}.Release|x64.Build.0 = Release|x64
		{D35FEE1D-2386-4F6F-B136-EDE9420FA6E3}.Release|x86.ActiveCfg = Release|x86
		{D35FEE1D-2386-4F6F-B136-EDE9420FA6E3}.Release|x86.Build.0 = Release|x86
		{C44188C6-3A2A-4561-AC4C-C2BBE0DA702B}.Debug|Any CPU.ActiveCfg = Debug|Any CPU
		{C44188C6-3A2A-4561-AC4C-C2BBE0DA702B}.Debug|Any CPU.Build.0 = Debug|Any CPU
		{C44188C6-3A2A-4561-AC4C-C2BBE0DA702B}.Debug|x64.ActiveCfg = Debug|x64
		{C44188C6-3A2A-4561-AC4C-C2BBE0DA702B}.Debug|x64.Build.0 = Debug|x64
		{C44188C6-3A2A-4561-AC4C-C2BBE0DA702B}.Debug|x86.ActiveCfg = Debug|x86
		{C44188C6-3A2A-4561-AC4C-C2BBE0DA702B}.Debug|x86.Build.0 = Debug|x86
		{C44188C6-3A2A-4561-AC4C-C2BBE0DA702B}.Release|Any CPU.ActiveCfg = Release|Any CPU
		{C44188C6-3A2A-4561-AC4C-C2BBE0DA702B}.Release|Any CPU.Build.0 = Release|Any CPU
		{C44188C6-3A2A-4561-AC4C-C2BBE0DA702B}.Release|x64.ActiveCfg = Release|x64
		{C44188C6-3A2A-4561-AC4C-C2BBE0DA702B}.Release|x64.Build.0 = Release|x64
		{C44188C6-3A2A-4561-AC4C-C2BBE0DA702B}.Release|x86.ActiveCfg = Release|x86
		{C44188C6-3A2A-4561-AC4C-C2BBE0DA702B}.Release|x86.Build.0 = Release|x86
		{CBD37FD1-247B-4997-8531-893F80D2C7FA}.Debug|Any CPU.ActiveCfg = Debug|Any CPU
		{CBD37FD1-247B-4997-8531-893F80D2C7FA}.Debug|Any CPU.Build.0 = Debug|Any CPU
		{CBD37FD1-247B-4997-8531-893F80D2C7FA}.Debug|x64.ActiveCfg = Debug|x64
		{CBD37FD1-247B-4997-8531-893F80D2C7FA}.Debug|x64.Build.0 = Debug|x64
		{CBD37FD1-247B-4997-8531-893F80D2C7FA}.Debug|x86.ActiveCfg = Debug|x86
		{CBD37FD1-247B-4997-8531-893F80D2C7FA}.Debug|x86.Build.0 = Debug|x86
		{CBD37FD1-247B-4997-8531-893F80D2C7FA}.Release|Any CPU.ActiveCfg = Release|Any CPU
		{CBD37FD1-247B-4997-8531-893F80D2C7FA}.Release|Any CPU.Build.0 = Release|Any CPU
		{CBD37FD1-247B-4997-8531-893F80D2C7FA}.Release|x64.ActiveCfg = Release|x64
		{CBD37FD1-247B-4997-8531-893F80D2C7FA}.Release|x64.Build.0 = Release|x64
		{CBD37FD1-247B-4997-8531-893F80D2C7FA}.Release|x86.ActiveCfg = Release|x86
		{CBD37FD1-247B-4997-8531-893F80D2C7FA}.Release|x86.Build.0 = Release|x86
		{4AF7DBAD-8492-47C7-A52C-320CEB493A9A}.Debug|Any CPU.ActiveCfg = Debug|Any CPU
		{4AF7DBAD-8492-47C7-A52C-320CEB493A9A}.Debug|Any CPU.Build.0 = Debug|Any CPU
		{4AF7DBAD-8492-47C7-A52C-320CEB493A9A}.Debug|x64.ActiveCfg = Debug|x64
		{4AF7DBAD-8492-47C7-A52C-320CEB493A9A}.Debug|x64.Build.0 = Debug|x64
		{4AF7DBAD-8492-47C7-A52C-320CEB493A9A}.Debug|x86.ActiveCfg = Debug|x86
		{4AF7DBAD-8492-47C7-A52C-320CEB493A9A}.Debug|x86.Build.0 = Debug|x86
		{4AF7DBAD-8492-47C7-A52C-320CEB493A9A}.Release|Any CPU.ActiveCfg = Release|x86
		{4AF7DBAD-8492-47C7-A52C-320CEB493A9A}.Release|Any CPU.Build.0 = Release|x86
		{4AF7DBAD-8492-47C7-A52C-320CEB493A9A}.Release|x64.ActiveCfg = Release|x64
		{4AF7DBAD-8492-47C7-A52C-320CEB493A9A}.Release|x64.Build.0 = Release|x64
		{4AF7DBAD-8492-47C7-A52C-320CEB493A9A}.Release|x86.ActiveCfg = Release|x86
		{4AF7DBAD-8492-47C7-A52C-320CEB493A9A}.Release|x86.Build.0 = Release|x86
		{FF96E265-D6ED-4761-BDC8-C252CB0A93CF}.Debug|Any CPU.ActiveCfg = Debug|Any CPU
		{FF96E265-D6ED-4761-BDC8-C252CB0A93CF}.Debug|Any CPU.Build.0 = Debug|Any CPU
		{FF96E265-D6ED-4761-BDC8-C252CB0A93CF}.Debug|x64.ActiveCfg = Debug|x64
		{FF96E265-D6ED-4761-BDC8-C252CB0A93CF}.Debug|x64.Build.0 = Debug|x64
		{FF96E265-D6ED-4761-BDC8-C252CB0A93CF}.Debug|x86.ActiveCfg = Debug|x86
		{FF96E265-D6ED-4761-BDC8-C252CB0A93CF}.Debug|x86.Build.0 = Debug|x86
		{FF96E265-D6ED-4761-BDC8-C252CB0A93CF}.Release|Any CPU.ActiveCfg = Release|Any CPU
		{FF96E265-D6ED-4761-BDC8-C252CB0A93CF}.Release|Any CPU.Build.0 = Release|Any CPU
		{FF96E265-D6ED-4761-BDC8-C252CB0A93CF}.Release|x64.ActiveCfg = Release|x64
		{FF96E265-D6ED-4761-BDC8-C252CB0A93CF}.Release|x64.Build.0 = Release|x64
		{FF96E265-D6ED-4761-BDC8-C252CB0A93CF}.Release|x86.ActiveCfg = Release|x86
		{FF96E265-D6ED-4761-BDC8-C252CB0A93CF}.Release|x86.Build.0 = Release|x86
		{D9189037-F1BD-485A-AD86-04B77B27DCC3}.Debug|Any CPU.ActiveCfg = Debug|Any CPU
		{D9189037-F1BD-485A-AD86-04B77B27DCC3}.Debug|Any CPU.Build.0 = Debug|Any CPU
		{D9189037-F1BD-485A-AD86-04B77B27DCC3}.Debug|x64.ActiveCfg = Debug|x64
		{D9189037-F1BD-485A-AD86-04B77B27DCC3}.Debug|x64.Build.0 = Debug|x64
		{D9189037-F1BD-485A-AD86-04B77B27DCC3}.Debug|x86.ActiveCfg = Debug|x86
		{D9189037-F1BD-485A-AD86-04B77B27DCC3}.Debug|x86.Build.0 = Debug|x86
		{D9189037-F1BD-485A-AD86-04B77B27DCC3}.Release|Any CPU.ActiveCfg = Release|Any CPU
		{D9189037-F1BD-485A-AD86-04B77B27DCC3}.Release|Any CPU.Build.0 = Release|Any CPU
		{D9189037-F1BD-485A-AD86-04B77B27DCC3}.Release|x64.ActiveCfg = Release|x64
		{D9189037-F1BD-485A-AD86-04B77B27DCC3}.Release|x64.Build.0 = Release|x64
		{D9189037-F1BD-485A-AD86-04B77B27DCC3}.Release|x86.ActiveCfg = Release|x86
		{D9189037-F1BD-485A-AD86-04B77B27DCC3}.Release|x86.Build.0 = Release|x86
		{69D690D7-E889-4FF5-9846-DDC78A0EE037}.Debug|Any CPU.ActiveCfg = Debug|Any CPU
		{69D690D7-E889-4FF5-9846-DDC78A0EE037}.Debug|Any CPU.Build.0 = Debug|Any CPU
		{69D690D7-E889-4FF5-9846-DDC78A0EE037}.Debug|x64.ActiveCfg = Debug|Any CPU
		{69D690D7-E889-4FF5-9846-DDC78A0EE037}.Debug|x86.ActiveCfg = Debug|x86
		{69D690D7-E889-4FF5-9846-DDC78A0EE037}.Debug|x86.Build.0 = Debug|x86
		{69D690D7-E889-4FF5-9846-DDC78A0EE037}.Release|Any CPU.ActiveCfg = Release|Any CPU
		{69D690D7-E889-4FF5-9846-DDC78A0EE037}.Release|Any CPU.Build.0 = Release|Any CPU
		{69D690D7-E889-4FF5-9846-DDC78A0EE037}.Release|x64.ActiveCfg = Release|Any CPU
		{69D690D7-E889-4FF5-9846-DDC78A0EE037}.Release|x86.ActiveCfg = Release|x86
		{69D690D7-E889-4FF5-9846-DDC78A0EE037}.Release|x86.Build.0 = Release|x86
		{4F6A9151-6FCB-43E0-B6C1-CA5FB4A27DF9}.Debug|Any CPU.ActiveCfg = Debug|Any CPU
		{4F6A9151-6FCB-43E0-B6C1-CA5FB4A27DF9}.Debug|Any CPU.Build.0 = Debug|Any CPU
		{4F6A9151-6FCB-43E0-B6C1-CA5FB4A27DF9}.Debug|x64.ActiveCfg = Debug|Any CPU
		{4F6A9151-6FCB-43E0-B6C1-CA5FB4A27DF9}.Debug|x86.ActiveCfg = Debug|x86
		{4F6A9151-6FCB-43E0-B6C1-CA5FB4A27DF9}.Debug|x86.Build.0 = Debug|x86
		{4F6A9151-6FCB-43E0-B6C1-CA5FB4A27DF9}.Release|Any CPU.ActiveCfg = Release|Any CPU
		{4F6A9151-6FCB-43E0-B6C1-CA5FB4A27DF9}.Release|Any CPU.Build.0 = Release|Any CPU
		{4F6A9151-6FCB-43E0-B6C1-CA5FB4A27DF9}.Release|x64.ActiveCfg = Release|Any CPU
		{4F6A9151-6FCB-43E0-B6C1-CA5FB4A27DF9}.Release|x86.ActiveCfg = Release|x86
		{4F6A9151-6FCB-43E0-B6C1-CA5FB4A27DF9}.Release|x86.Build.0 = Release|x86
		{2A8224B6-A2C3-4694-9B67-CB1FAD253F02}.Debug|Any CPU.ActiveCfg = Debug|Any CPU
		{2A8224B6-A2C3-4694-9B67-CB1FAD253F02}.Debug|Any CPU.Build.0 = Debug|Any CPU
		{2A8224B6-A2C3-4694-9B67-CB1FAD253F02}.Debug|x64.ActiveCfg = Debug|Any CPU
		{2A8224B6-A2C3-4694-9B67-CB1FAD253F02}.Debug|x86.ActiveCfg = Debug|x86
		{2A8224B6-A2C3-4694-9B67-CB1FAD253F02}.Debug|x86.Build.0 = Debug|x86
		{2A8224B6-A2C3-4694-9B67-CB1FAD253F02}.Release|Any CPU.ActiveCfg = Release|Any CPU
		{2A8224B6-A2C3-4694-9B67-CB1FAD253F02}.Release|Any CPU.Build.0 = Release|Any CPU
		{2A8224B6-A2C3-4694-9B67-CB1FAD253F02}.Release|x64.ActiveCfg = Release|Any CPU
		{2A8224B6-A2C3-4694-9B67-CB1FAD253F02}.Release|x86.ActiveCfg = Release|x86
		{2A8224B6-A2C3-4694-9B67-CB1FAD253F02}.Release|x86.Build.0 = Release|x86
		{CE0A4184-62C7-4E95-8A0A-E2A02A472E23}.Debug|Any CPU.ActiveCfg = Debug|Any CPU
		{CE0A4184-62C7-4E95-8A0A-E2A02A472E23}.Debug|Any CPU.Build.0 = Debug|Any CPU
		{CE0A4184-62C7-4E95-8A0A-E2A02A472E23}.Debug|x64.ActiveCfg = Debug|x86
		{CE0A4184-62C7-4E95-8A0A-E2A02A472E23}.Debug|x86.ActiveCfg = Debug|x86
		{CE0A4184-62C7-4E95-8A0A-E2A02A472E23}.Debug|x86.Build.0 = Debug|x86
		{CE0A4184-62C7-4E95-8A0A-E2A02A472E23}.Release|Any CPU.ActiveCfg = Release|Any CPU
		{CE0A4184-62C7-4E95-8A0A-E2A02A472E23}.Release|Any CPU.Build.0 = Release|Any CPU
		{CE0A4184-62C7-4E95-8A0A-E2A02A472E23}.Release|x64.ActiveCfg = Release|x86
		{CE0A4184-62C7-4E95-8A0A-E2A02A472E23}.Release|x86.ActiveCfg = Release|x86
		{CE0A4184-62C7-4E95-8A0A-E2A02A472E23}.Release|x86.Build.0 = Release|x86
		{4D02F372-B5C7-41FE-884A-F286E7DBB429}.Debug|Any CPU.ActiveCfg = Debug|Any CPU
		{4D02F372-B5C7-41FE-884A-F286E7DBB429}.Debug|Any CPU.Build.0 = Debug|Any CPU
		{4D02F372-B5C7-41FE-884A-F286E7DBB429}.Debug|x64.ActiveCfg = Debug|Any CPU
		{4D02F372-B5C7-41FE-884A-F286E7DBB429}.Debug|x64.Build.0 = Debug|Any CPU
		{4D02F372-B5C7-41FE-884A-F286E7DBB429}.Debug|x86.ActiveCfg = Debug|Any CPU
		{4D02F372-B5C7-41FE-884A-F286E7DBB429}.Debug|x86.Build.0 = Debug|Any CPU
		{4D02F372-B5C7-41FE-884A-F286E7DBB429}.Release|Any CPU.ActiveCfg = Release|Any CPU
		{4D02F372-B5C7-41FE-884A-F286E7DBB429}.Release|Any CPU.Build.0 = Release|Any CPU
		{4D02F372-B5C7-41FE-884A-F286E7DBB429}.Release|x64.ActiveCfg = Release|Any CPU
		{4D02F372-B5C7-41FE-884A-F286E7DBB429}.Release|x64.Build.0 = Release|Any CPU
		{4D02F372-B5C7-41FE-884A-F286E7DBB429}.Release|x86.ActiveCfg = Release|Any CPU
		{4D02F372-B5C7-41FE-884A-F286E7DBB429}.Release|x86.Build.0 = Release|Any CPU
		{39A51A7D-3B0D-432B-8F3C-3336AAD9DE2A}.Debug|Any CPU.ActiveCfg = Debug|Any CPU
		{39A51A7D-3B0D-432B-8F3C-3336AAD9DE2A}.Debug|Any CPU.Build.0 = Debug|Any CPU
		{39A51A7D-3B0D-432B-8F3C-3336AAD9DE2A}.Debug|x64.ActiveCfg = Debug|Any CPU
		{39A51A7D-3B0D-432B-8F3C-3336AAD9DE2A}.Debug|x64.Build.0 = Debug|Any CPU
		{39A51A7D-3B0D-432B-8F3C-3336AAD9DE2A}.Debug|x86.ActiveCfg = Debug|Any CPU
		{39A51A7D-3B0D-432B-8F3C-3336AAD9DE2A}.Debug|x86.Build.0 = Debug|Any CPU
		{39A51A7D-3B0D-432B-8F3C-3336AAD9DE2A}.Release|Any CPU.ActiveCfg = Release|Any CPU
		{39A51A7D-3B0D-432B-8F3C-3336AAD9DE2A}.Release|Any CPU.Build.0 = Release|Any CPU
		{39A51A7D-3B0D-432B-8F3C-3336AAD9DE2A}.Release|x64.ActiveCfg = Release|Any CPU
		{39A51A7D-3B0D-432B-8F3C-3336AAD9DE2A}.Release|x64.Build.0 = Release|Any CPU
		{39A51A7D-3B0D-432B-8F3C-3336AAD9DE2A}.Release|x86.ActiveCfg = Release|Any CPU
		{39A51A7D-3B0D-432B-8F3C-3336AAD9DE2A}.Release|x86.Build.0 = Release|Any CPU
		{8C3587A9-7A26-43B8-9D12-3F5934740528}.Debug|Any CPU.ActiveCfg = Debug|Any CPU
		{8C3587A9-7A26-43B8-9D12-3F5934740528}.Debug|Any CPU.Build.0 = Debug|Any CPU
		{8C3587A9-7A26-43B8-9D12-3F5934740528}.Debug|x64.ActiveCfg = Debug|Any CPU
		{8C3587A9-7A26-43B8-9D12-3F5934740528}.Debug|x64.Build.0 = Debug|Any CPU
		{8C3587A9-7A26-43B8-9D12-3F5934740528}.Debug|x86.ActiveCfg = Debug|Any CPU
		{8C3587A9-7A26-43B8-9D12-3F5934740528}.Debug|x86.Build.0 = Debug|Any CPU
		{8C3587A9-7A26-43B8-9D12-3F5934740528}.Release|Any CPU.ActiveCfg = Release|Any CPU
		{8C3587A9-7A26-43B8-9D12-3F5934740528}.Release|Any CPU.Build.0 = Release|Any CPU
		{8C3587A9-7A26-43B8-9D12-3F5934740528}.Release|x64.ActiveCfg = Release|Any CPU
		{8C3587A9-7A26-43B8-9D12-3F5934740528}.Release|x64.Build.0 = Release|Any CPU
		{8C3587A9-7A26-43B8-9D12-3F5934740528}.Release|x86.ActiveCfg = Release|Any CPU
		{8C3587A9-7A26-43B8-9D12-3F5934740528}.Release|x86.Build.0 = Release|Any CPU
		{D8A3C316-50FF-4960-A9A4-3B5AF82DC024}.Debug|Any CPU.ActiveCfg = Debug|Any CPU
		{D8A3C316-50FF-4960-A9A4-3B5AF82DC024}.Debug|Any CPU.Build.0 = Debug|Any CPU
		{D8A3C316-50FF-4960-A9A4-3B5AF82DC024}.Debug|x64.ActiveCfg = Debug|Any CPU
		{D8A3C316-50FF-4960-A9A4-3B5AF82DC024}.Debug|x64.Build.0 = Debug|Any CPU
		{D8A3C316-50FF-4960-A9A4-3B5AF82DC024}.Debug|x86.ActiveCfg = Debug|Any CPU
		{D8A3C316-50FF-4960-A9A4-3B5AF82DC024}.Debug|x86.Build.0 = Debug|Any CPU
		{D8A3C316-50FF-4960-A9A4-3B5AF82DC024}.Release|Any CPU.ActiveCfg = Release|Any CPU
		{D8A3C316-50FF-4960-A9A4-3B5AF82DC024}.Release|Any CPU.Build.0 = Release|Any CPU
		{D8A3C316-50FF-4960-A9A4-3B5AF82DC024}.Release|x64.ActiveCfg = Release|Any CPU
		{D8A3C316-50FF-4960-A9A4-3B5AF82DC024}.Release|x64.Build.0 = Release|Any CPU
		{D8A3C316-50FF-4960-A9A4-3B5AF82DC024}.Release|x86.ActiveCfg = Release|Any CPU
		{D8A3C316-50FF-4960-A9A4-3B5AF82DC024}.Release|x86.Build.0 = Release|Any CPU
		{1C998CF6-4BD7-449E-AD67-7057FDA6C71D}.Debug|Any CPU.ActiveCfg = Debug|Any CPU
		{1C998CF6-4BD7-449E-AD67-7057FDA6C71D}.Debug|Any CPU.Build.0 = Debug|Any CPU
		{1C998CF6-4BD7-449E-AD67-7057FDA6C71D}.Debug|x64.ActiveCfg = Debug|Any CPU
		{1C998CF6-4BD7-449E-AD67-7057FDA6C71D}.Debug|x64.Build.0 = Debug|Any CPU
		{1C998CF6-4BD7-449E-AD67-7057FDA6C71D}.Debug|x86.ActiveCfg = Debug|Any CPU
		{1C998CF6-4BD7-449E-AD67-7057FDA6C71D}.Debug|x86.Build.0 = Debug|Any CPU
		{1C998CF6-4BD7-449E-AD67-7057FDA6C71D}.Release|Any CPU.ActiveCfg = Release|Any CPU
		{1C998CF6-4BD7-449E-AD67-7057FDA6C71D}.Release|Any CPU.Build.0 = Release|Any CPU
		{1C998CF6-4BD7-449E-AD67-7057FDA6C71D}.Release|x64.ActiveCfg = Release|Any CPU
		{1C998CF6-4BD7-449E-AD67-7057FDA6C71D}.Release|x64.Build.0 = Release|Any CPU
		{1C998CF6-4BD7-449E-AD67-7057FDA6C71D}.Release|x86.ActiveCfg = Release|Any CPU
		{1C998CF6-4BD7-449E-AD67-7057FDA6C71D}.Release|x86.Build.0 = Release|Any CPU
		{B66A59F1-70B1-4546-9064-198C5672BEEE}.Debug|Any CPU.ActiveCfg = Debug|Any CPU
		{B66A59F1-70B1-4546-9064-198C5672BEEE}.Debug|Any CPU.Build.0 = Debug|Any CPU
		{B66A59F1-70B1-4546-9064-198C5672BEEE}.Debug|x64.ActiveCfg = Debug|Any CPU
		{B66A59F1-70B1-4546-9064-198C5672BEEE}.Debug|x64.Build.0 = Debug|Any CPU
		{B66A59F1-70B1-4546-9064-198C5672BEEE}.Debug|x86.ActiveCfg = Debug|Any CPU
		{B66A59F1-70B1-4546-9064-198C5672BEEE}.Debug|x86.Build.0 = Debug|Any CPU
		{B66A59F1-70B1-4546-9064-198C5672BEEE}.Release|Any CPU.ActiveCfg = Release|Any CPU
		{B66A59F1-70B1-4546-9064-198C5672BEEE}.Release|Any CPU.Build.0 = Release|Any CPU
		{B66A59F1-70B1-4546-9064-198C5672BEEE}.Release|x64.ActiveCfg = Release|Any CPU
		{B66A59F1-70B1-4546-9064-198C5672BEEE}.Release|x64.Build.0 = Release|Any CPU
		{B66A59F1-70B1-4546-9064-198C5672BEEE}.Release|x86.ActiveCfg = Release|Any CPU
		{B66A59F1-70B1-4546-9064-198C5672BEEE}.Release|x86.Build.0 = Release|Any CPU
	EndGlobalSection
	GlobalSection(SolutionProperties) = preSolution
		HideSolutionNode = FALSE
	EndGlobalSection
	GlobalSection(ExtensibilityGlobals) = postSolution
		SolutionGuid = {020C9D2B-8256-4112-81AF-DE16D4BBF582}
	EndGlobalSection
EndGlobal
